
Microsoft Visual Studio Solution File, Format Version 12.00
# Visual Studio 15
Project("{FAE04EC0-301F-11D3-BF4B-00C04F79EFBC}") = "Assembly-CSharp", "Assembly-CSharp.csproj", "{8BA006A0-84F9-A118-9C91-AC8F191EF93C}"
EndProject
Project("{FAE04EC0-301F-11D3-BF4B-00C04F79EFBC}") = "Assembly-CSharp-Editor", "Assembly-CSharp-Editor.csproj", "{B089F575-ACD6-234F-8FC3-CBB85221E748}"
EndProject
Global
	GlobalSection(SolutionConfigurationPlatforms) = preSolution
		Debug|Any CPU = Debug|Any CPU
		Release|Any CPU = Release|Any CPU
	EndGlobalSection
	GlobalSection(ProjectConfigurationPlatforms) = postSolution
		{8BA006A0-84F9-A118-9C91-AC8F191EF93C}.Debug|Any CPU.ActiveCfg = Debug|Any CPU
		{8BA006A0-84F9-A118-9C91-AC8F191EF93C}.Debug|Any CPU.Build.0 = Debug|Any CPU
		{8BA006A0-84F9-A118-9C91-AC8F191EF93C}.Release|Any CPU.ActiveCfg = Release|Any CPU
		{8BA006A0-84F9-A118-9C91-AC8F191EF93C}.Release|Any CPU.Build.0 = Release|Any CPU
		{B089F575-ACD6-234F-8FC3-CBB85221E748}.Debug|Any CPU.ActiveCfg = Debug|Any CPU
		{B089F575-ACD6-234F-8FC3-CBB85221E748}.Debug|Any CPU.Build.0 = Debug|Any CPU
		{B089F575-ACD6-234F-8FC3-CBB85221E748}.Release|Any CPU.ActiveCfg = Release|Any CPU
		{B089F575-ACD6-234F-8FC3-CBB85221E748}.Release|Any CPU.Build.0 = Release|Any CPU
	EndGlobalSection
	GlobalSection(SolutionProperties) = preSolution
		HideSolutionNode = FALSE
	EndGlobalSection
EndGlobal
