
Microsoft Visual Studio Solution File, Format Version 12.00
# Visual Studio 15
Project("{FAE04EC0-301F-11D3-BF4B-00C04F79EFBC}") = "Assembly-CSharp", "Assembly-CSharp.csproj", "{8A8F2686-48D7-B49C-F7DC-3A84FA4AD21B}"
EndProject
Project("{FAE04EC0-301F-11D3-BF4B-00C04F79EFBC}") = "Assembly-CSharp-firstpass", "Assembly-CSharp-firstpass.csproj", "{005C39B5-652F-68E6-7E1F-FB407E030233}"
EndProject
Project("{FAE04EC0-301F-11D3-BF4B-00C04F79EFBC}") = "ControllerSample", "ControllerSample.csproj", "{A8D96FBC-E13B-D9C0-2884-C28D86E30D58}"
EndProject
Project("{FAE04EC0-301F-11D3-BF4B-00C04F79EFBC}") = "Assembly-CSharp-Editor", "Assembly-CSharp-Editor.csproj", "{FC386F11-AE77-4AFC-87F3-EA6BB46BF4CC}"
EndProject
Project("{FAE04EC0-301F-11D3-BF4B-00C04F79EFBC}") = "Unity.XR.Management.Samples", "Unity.XR.Management.Samples.csproj", "{55881AAF-8E06-4964-F613-BC06CA102408}"
EndProject
Project("{FAE04EC0-301F-11D3-BF4B-00C04F79EFBC}") = "Unity.XR.Management.Samples.Editor", "Unity.XR.Management.Samples.Editor.csproj", "{8E99C54B-0557-D786-386E-B10BB7952CCE}"
EndProject
Project("{FAE04EC0-301F-11D3-BF4B-00C04F79EFBC}") = "Assembly-CSharp-Editor-firstpass", "Assembly-CSharp-Editor-firstpass.csproj", "{C51BA254-2BCE-2A03-4C4A-7B3E85B028B0}"
EndProject
Global
	GlobalSection(SolutionConfigurationPlatforms) = preSolution
		Debug|Any CPU = Debug|Any CPU
		Release|Any CPU = Release|Any CPU
	EndGlobalSection
	GlobalSection(ProjectConfigurationPlatforms) = postSolution
		{8A8F2686-48D7-B49C-F7DC-3A84FA4AD21B}.Debug|Any CPU.ActiveCfg = Debug|Any CPU
		{8A8F2686-48D7-B49C-F7DC-3A84FA4AD21B}.Debug|Any CPU.Build.0 = Debug|Any CPU
		{8A8F2686-48D7-B49C-F7DC-3A84FA4AD21B}.Release|Any CPU.ActiveCfg = Release|Any CPU
		{8A8F2686-48D7-B49C-F7DC-3A84FA4AD21B}.Release|Any CPU.Build.0 = Release|Any CPU
		{005C39B5-652F-68E6-7E1F-FB407E030233}.Debug|Any CPU.ActiveCfg = Debug|Any CPU
		{005C39B5-652F-68E6-7E1F-FB407E030233}.Debug|Any CPU.Build.0 = Debug|Any CPU
		{005C39B5-652F-68E6-7E1F-FB407E030233}.Release|Any CPU.ActiveCfg = Release|Any CPU
		{005C39B5-652F-68E6-7E1F-FB407E030233}.Release|Any CPU.Build.0 = Release|Any CPU
		{A8D96FBC-E13B-D9C0-2884-C28D86E30D58}.Debug|Any CPU.ActiveCfg = Debug|Any CPU
		{A8D96FBC-E13B-D9C0-2884-C28D86E30D58}.Debug|Any CPU.Build.0 = Debug|Any CPU
		{A8D96FBC-E13B-D9C0-2884-C28D86E30D58}.Release|Any CPU.ActiveCfg = Release|Any CPU
		{A8D96FBC-E13B-D9C0-2884-C28D86E30D58}.Release|Any CPU.Build.0 = Release|Any CPU
		{FC386F11-AE77-4AFC-87F3-EA6BB46BF4CC}.Debug|Any CPU.ActiveCfg = Debug|Any CPU
		{FC386F11-AE77-4AFC-87F3-EA6BB46BF4CC}.Debug|Any CPU.Build.0 = Debug|Any CPU
		{FC386F11-AE77-4AFC-87F3-EA6BB46BF4CC}.Release|Any CPU.ActiveCfg = Release|Any CPU
		{FC386F11-AE77-4AFC-87F3-EA6BB46BF4CC}.Release|Any CPU.Build.0 = Release|Any CPU
		{55881AAF-8E06-4964-F613-BC06CA102408}.Debug|Any CPU.ActiveCfg = Debug|Any CPU
		{55881AAF-8E06-4964-F613-BC06CA102408}.Debug|Any CPU.Build.0 = Debug|Any CPU
		{55881AAF-8E06-4964-F613-BC06CA102408}.Release|Any CPU.ActiveCfg = Release|Any CPU
		{55881AAF-8E06-4964-F613-BC06CA102408}.Release|Any CPU.Build.0 = Release|Any CPU
		{8E99C54B-0557-D786-386E-B10BB7952CCE}.Debug|Any CPU.ActiveCfg = Debug|Any CPU
		{8E99C54B-0557-D786-386E-B10BB7952CCE}.Debug|Any CPU.Build.0 = Debug|Any CPU
		{8E99C54B-0557-D786-386E-B10BB7952CCE}.Release|Any CPU.ActiveCfg = Release|Any CPU
		{8E99C54B-0557-D786-386E-B10BB7952CCE}.Release|Any CPU.Build.0 = Release|Any CPU
		{C51BA254-2BCE-2A03-4C4A-7B3E85B028B0}.Debug|Any CPU.ActiveCfg = Debug|Any CPU
		{C51BA254-2BCE-2A03-4C4A-7B3E85B028B0}.Debug|Any CPU.Build.0 = Debug|Any CPU
		{C51BA254-2BCE-2A03-4C4A-7B3E85B028B0}.Release|Any CPU.ActiveCfg = Release|Any CPU
		{C51BA254-2BCE-2A03-4C4A-7B3E85B028B0}.Release|Any CPU.Build.0 = Release|Any CPU
	EndGlobalSection
	GlobalSection(SolutionProperties) = preSolution
		HideSolutionNode = FALSE
	EndGlobalSection
EndGlobal
